// !$*UTF8*$!
{
	archiveVersion = 1;
	classes = {
	};
	objectVersion = 51;
	objects = {

/* Begin PBXBuildFile section */
		31FBC816BAD4FC4A9833D51D /* Pods_NewsList_MRT.framework in Frameworks */ = {isa = PBXBuildFile; fileRef = F37B716398661FB5D7A6E0A4 /* Pods_NewsList_MRT.framework */; };
		DEDABEF1241FB27100177B93 /* AppDelegate.swift in Sources */ = {isa = PBXBuildFile; fileRef = DEDABEF0241FB27100177B93 /* AppDelegate.swift */; };
		DEDABEF5241FB27100177B93 /* SplashViewController.swift in Sources */ = {isa = PBXBuildFile; fileRef = DEDABEF4241FB27100177B93 /* SplashViewController.swift */; };
		DEDABEF8241FB27100177B93 /* Main.storyboard in Resources */ = {isa = PBXBuildFile; fileRef = DEDABEF6241FB27100177B93 /* Main.storyboard */; };
		DEDABEFA241FB27400177B93 /* Assets.xcassets in Resources */ = {isa = PBXBuildFile; fileRef = DEDABEF9241FB27400177B93 /* Assets.xcassets */; };
		DEDABEFD241FB27400177B93 /* LaunchScreen.storyboard in Resources */ = {isa = PBXBuildFile; fileRef = DEDABEFB241FB27400177B93 /* LaunchScreen.storyboard */; };
		DEDABF05241FB95A00177B93 /* ListViewController.swift in Sources */ = {isa = PBXBuildFile; fileRef = DEDABF04241FB95A00177B93 /* ListViewController.swift */; };
		DEDABF07241FB9C900177B93 /* NewsListCell.swift in Sources */ = {isa = PBXBuildFile; fileRef = DEDABF06241FB9C900177B93 /* NewsListCell.swift */; };
		DEDABF0C241FB9FE00177B93 /* ListPresenter.swift in Sources */ = {isa = PBXBuildFile; fileRef = DEDABF0B241FB9FE00177B93 /* ListPresenter.swift */; };
		DEDABF0E241FBA0900177B93 /* ListContract.swift in Sources */ = {isa = PBXBuildFile; fileRef = DEDABF0D241FBA0900177B93 /* ListContract.swift */; };
/* End PBXBuildFile section */

/* Begin PBXFileReference section */
		A57CD374468F313E68B5EB38 /* Pods-NewsList_MRT.release.xcconfig */ = {isa = PBXFileReference; includeInIndex = 1; lastKnownFileType = text.xcconfig; name = "Pods-NewsList_MRT.release.xcconfig"; path = "Target Support Files/Pods-NewsList_MRT/Pods-NewsList_MRT.release.xcconfig"; sourceTree = "<group>"; };
		B5E5F5B20AAC4E5AD13977B5 /* Pods-NewsList_MRT.debug.xcconfig */ = {isa = PBXFileReference; includeInIndex = 1; lastKnownFileType = text.xcconfig; name = "Pods-NewsList_MRT.debug.xcconfig"; path = "Target Support Files/Pods-NewsList_MRT/Pods-NewsList_MRT.debug.xcconfig"; sourceTree = "<group>"; };
		DEDABEED241FB27100177B93 /* NewsList_MRT.app */ = {isa = PBXFileReference; explicitFileType = wrapper.application; includeInIndex = 0; path = NewsList_MRT.app; sourceTree = BUILT_PRODUCTS_DIR; };
		DEDABEF0241FB27100177B93 /* AppDelegate.swift */ = {isa = PBXFileReference; lastKnownFileType = sourcecode.swift; path = AppDelegate.swift; sourceTree = "<group>"; };
		DEDABEF4241FB27100177B93 /* SplashViewController.swift */ = {isa = PBXFileReference; lastKnownFileType = sourcecode.swift; path = SplashViewController.swift; sourceTree = "<group>"; };
		DEDABEF7241FB27100177B93 /* Base */ = {isa = PBXFileReference; lastKnownFileType = file.storyboard; name = Base; path = Base.lproj/Main.storyboard; sourceTree = "<group>"; };
		DEDABEF9241FB27400177B93 /* Assets.xcassets */ = {isa = PBXFileReference; lastKnownFileType = folder.assetcatalog; path = Assets.xcassets; sourceTree = "<group>"; };
		DEDABEFC241FB27400177B93 /* Base */ = {isa = PBXFileReference; lastKnownFileType = file.storyboard; name = Base; path = Base.lproj/LaunchScreen.storyboard; sourceTree = "<group>"; };
		DEDABEFE241FB27400177B93 /* Info.plist */ = {isa = PBXFileReference; lastKnownFileType = text.plist.xml; path = Info.plist; sourceTree = "<group>"; };
		DEDABF04241FB95A00177B93 /* ListViewController.swift */ = {isa = PBXFileReference; lastKnownFileType = sourcecode.swift; path = ListViewController.swift; sourceTree = "<group>"; };
		DEDABF06241FB9C900177B93 /* NewsListCell.swift */ = {isa = PBXFileReference; lastKnownFileType = sourcecode.swift; path = NewsListCell.swift; sourceTree = "<group>"; };
		DEDABF0B241FB9FE00177B93 /* ListPresenter.swift */ = {isa = PBXFileReference; lastKnownFileType = sourcecode.swift; path = ListPresenter.swift; sourceTree = "<group>"; };
		DEDABF0D241FBA0900177B93 /* ListContract.swift */ = {isa = PBXFileReference; lastKnownFileType = sourcecode.swift; path = ListContract.swift; sourceTree = "<group>"; };
		F37B716398661FB5D7A6E0A4 /* Pods_NewsList_MRT.framework */ = {isa = PBXFileReference; explicitFileType = wrapper.framework; includeInIndex = 0; path = Pods_NewsList_MRT.framework; sourceTree = BUILT_PRODUCTS_DIR; };
/* End PBXFileReference section */

/* Begin PBXFrameworksBuildPhase section */
		DEDABEEA241FB27100177B93 /* Frameworks */ = {
			isa = PBXFrameworksBuildPhase;
			buildActionMask = 2147483647;
			files = (
				31FBC816BAD4FC4A9833D51D /* Pods_NewsList_MRT.framework in Frameworks */,
			);
			runOnlyForDeploymentPostprocessing = 0;
		};
/* End PBXFrameworksBuildPhase section */

/* Begin PBXGroup section */
		2FDCF0DB5266370CE7642381 /* Frameworks */ = {
			isa = PBXGroup;
			children = (
				F37B716398661FB5D7A6E0A4 /* Pods_NewsList_MRT.framework */,
			);
			name = Frameworks;
			sourceTree = "<group>";
		};
		86D77D283D53133A2F5AFD39 /* Pods */ = {
			isa = PBXGroup;
			children = (
				B5E5F5B20AAC4E5AD13977B5 /* Pods-NewsList_MRT.debug.xcconfig */,
				A57CD374468F313E68B5EB38 /* Pods-NewsList_MRT.release.xcconfig */,
			);
			path = Pods;
			sourceTree = "<group>";
		};
		DEDABEE4241FB27100177B93 = {
			isa = PBXGroup;
			children = (
				DEDABEEF241FB27100177B93 /* NewsList_MRT */,
				DEDABEEE241FB27100177B93 /* Products */,
				86D77D283D53133A2F5AFD39 /* Pods */,
				2FDCF0DB5266370CE7642381 /* Frameworks */,
			);
			sourceTree = "<group>";
		};
		DEDABEEE241FB27100177B93 /* Products */ = {
			isa = PBXGroup;
			children = (
				DEDABEED241FB27100177B93 /* NewsList_MRT.app */,
			);
			name = Products;
			sourceTree = "<group>";
		};
		DEDABEEF241FB27100177B93 /* NewsList_MRT */ = {
			isa = PBXGroup;
			children = (
				DEDABF09241FB9E500177B93 /* Splash */,
				DEDABF08241FB9DE00177B93 /* NewsList */,
				DEDABEF0241FB27100177B93 /* AppDelegate.swift */,
				DEDABEF6241FB27100177B93 /* Main.storyboard */,
				DEDABEF9241FB27400177B93 /* Assets.xcassets */,
				DEDABEFB241FB27400177B93 /* LaunchScreen.storyboard */,
				DEDABEFE241FB27400177B93 /* Info.plist */,
			);
			path = NewsList_MRT;
			sourceTree = "<group>";
		};
		DEDABF08241FB9DE00177B93 /* NewsList */ = {
			isa = PBXGroup;
			children = (
				DEDABF0A241FB9ED00177B93 /* Cell */,
				DEDABF0D241FBA0900177B93 /* ListContract.swift */,
				DEDABF04241FB95A00177B93 /* ListViewController.swift */,
				DEDABF0B241FB9FE00177B93 /* ListPresenter.swift */,
			);
			path = NewsList;
			sourceTree = "<group>";
		};
		DEDABF09241FB9E500177B93 /* Splash */ = {
			isa = PBXGroup;
			children = (
				DEDABEF4241FB27100177B93 /* SplashViewController.swift */,
			);
			path = Splash;
			sourceTree = "<group>";
		};
		DEDABF0A241FB9ED00177B93 /* Cell */ = {
			isa = PBXGroup;
			children = (
				DEDABF06241FB9C900177B93 /* NewsListCell.swift */,
			);
			path = Cell;
			sourceTree = "<group>";
		};
/* End PBXGroup section */

/* Begin PBXNativeTarget section */
		DEDABEEC241FB27100177B93 /* NewsList_MRT */ = {
			isa = PBXNativeTarget;
			buildConfigurationList = DEDABF01241FB27400177B93 /* Build configuration list for PBXNativeTarget "NewsList_MRT" */;
			buildPhases = (
				DE7005775A2F04E83181BCDE /* [CP] Check Pods Manifest.lock */,
				DEDABEE9241FB27100177B93 /* Sources */,
				DEDABEEA241FB27100177B93 /* Frameworks */,
				DEDABEEB241FB27100177B93 /* Resources */,
				E5CA6A12FB37EA624B96B296 /* [CP] Embed Pods Frameworks */,
			);
			buildRules = (
			);
			dependencies = (
			);
			name = NewsList_MRT;
			productName = NewsList_MRT;
			productReference = DEDABEED241FB27100177B93 /* NewsList_MRT.app */;
			productType = "com.apple.product-type.application";
		};
/* End PBXNativeTarget section */

/* Begin PBXProject section */
		DEDABEE5241FB27100177B93 /* Project object */ = {
			isa = PBXProject;
			attributes = {
				LastSwiftUpdateCheck = 1130;
				LastUpgradeCheck = 1130;
				ORGANIZATIONNAME = TaeinKim;
				TargetAttributes = {
					DEDABEEC241FB27100177B93 = {
						CreatedOnToolsVersion = 11.3.1;
					};
				};
			};
			buildConfigurationList = DEDABEE8241FB27100177B93 /* Build configuration list for PBXProject "NewsList_MRT" */;
			compatibilityVersion = "Xcode 9.3";
			developmentRegion = en;
			hasScannedForEncodings = 0;
			knownRegions = (
				en,
				Base,
			);
			mainGroup = DEDABEE4241FB27100177B93;
			productRefGroup = DEDABEEE241FB27100177B93 /* Products */;
			projectDirPath = "";
			projectRoot = "";
			targets = (
				DEDABEEC241FB27100177B93 /* NewsList_MRT */,
			);
		};
/* End PBXProject section */

/* Begin PBXResourcesBuildPhase section */
		DEDABEEB241FB27100177B93 /* Resources */ = {
			isa = PBXResourcesBuildPhase;
			buildActionMask = 2147483647;
			files = (
				DEDABEFD241FB27400177B93 /* LaunchScreen.storyboard in Resources */,
				DEDABEFA241FB27400177B93 /* Assets.xcassets in Resources */,
				DEDABEF8241FB27100177B93 /* Main.storyboard in Resources */,
			);
			runOnlyForDeploymentPostprocessing = 0;
		};
/* End PBXResourcesBuildPhase section */

/* Begin PBXShellScriptBuildPhase section */
		DE7005775A2F04E83181BCDE /* [CP] Check Pods Manifest.lock */ = {
			isa = PBXShellScriptBuildPhase;
			buildActionMask = 2147483647;
			files = (
			);
			inputFileListPaths = (
			);
			inputPaths = (
				"${PODS_PODFILE_DIR_PATH}/Podfile.lock",
				"${PODS_ROOT}/Manifest.lock",
			);
			name = "[CP] Check Pods Manifest.lock";
			outputFileListPaths = (
			);
			outputPaths = (
				"$(DERIVED_FILE_DIR)/Pods-NewsList_MRT-checkManifestLockResult.txt",
			);
			runOnlyForDeploymentPostprocessing = 0;
			shellPath = /bin/sh;
			shellScript = "diff \"${PODS_PODFILE_DIR_PATH}/Podfile.lock\" \"${PODS_ROOT}/Manifest.lock\" > /dev/null\nif [ $? != 0 ] ; then\n    # print error to STDERR\n    echo \"error: The sandbox is not in sync with the Podfile.lock. Run 'pod install' or update your CocoaPods installation.\" >&2\n    exit 1\nfi\n# This output is used by Xcode 'outputs' to avoid re-running this script phase.\necho \"SUCCESS\" > \"${SCRIPT_OUTPUT_FILE_0}\"\n";
			showEnvVarsInLog = 0;
		};
		E5CA6A12FB37EA624B96B296 /* [CP] Embed Pods Frameworks */ = {
			isa = PBXShellScriptBuildPhase;
			buildActionMask = 2147483647;
			files = (
			);
			inputFileListPaths = (
				"${PODS_ROOT}/Target Support Files/Pods-NewsList_MRT/Pods-NewsList_MRT-frameworks-${CONFIGURATION}-input-files.xcfilelist",
			);
			name = "[CP] Embed Pods Frameworks";
			outputFileListPaths = (
				"${PODS_ROOT}/Target Support Files/Pods-NewsList_MRT/Pods-NewsList_MRT-frameworks-${CONFIGURATION}-output-files.xcfilelist",
			);
			runOnlyForDeploymentPostprocessing = 0;
			shellPath = /bin/sh;
			shellScript = "\"${PODS_ROOT}/Target Support Files/Pods-NewsList_MRT/Pods-NewsList_MRT-frameworks.sh\"\n";
			showEnvVarsInLog = 0;
		};
/* End PBXShellScriptBuildPhase section */

/* Begin PBXSourcesBuildPhase section */
		DEDABEE9241FB27100177B93 /* Sources */ = {
			isa = PBXSourcesBuildPhase;
			buildActionMask = 2147483647;
			files = (
				DEDABF0C241FB9FE00177B93 /* ListPresenter.swift in Sources */,
				DEDABEF5241FB27100177B93 /* SplashViewController.swift in Sources */,
				DEDABEF1241FB27100177B93 /* AppDelegate.swift in Sources */,
				DEDABF07241FB9C900177B93 /* NewsListCell.swift in Sources */,
				DEDABF05241FB95A00177B93 /* ListViewController.swift in Sources */,
				DEDABF0E241FBA0900177B93 /* ListContract.swift in Sources */,
			);
			runOnlyForDeploymentPostprocessing = 0;
		};
/* End PBXSourcesBuildPhase section */

/* Begin PBXVariantGroup section */
		DEDABEF6241FB27100177B93 /* Main.storyboard */ = {
			isa = PBXVariantGroup;
			children = (
				DEDABEF7241FB27100177B93 /* Base */,
			);
			name = Main.storyboard;
			sourceTree = "<group>";
		};
		DEDABEFB241FB27400177B93 /* LaunchScreen.storyboard */ = {
			isa = PBXVariantGroup;
			children = (
				DEDABEFC241FB27400177B93 /* Base */,
			);
			name = LaunchScreen.storyboard;
			sourceTree = "<group>";
		};
/* End PBXVariantGroup section */

/* Begin XCBuildConfiguration section */
		DEDABEFF241FB27400177B93 /* Debug */ = {
			isa = XCBuildConfiguration;
			buildSettings = {
				ALWAYS_SEARCH_USER_PATHS = NO;
				CLANG_ANALYZER_NONNULL = YES;
				CLANG_ANALYZER_NUMBER_OBJECT_CONVERSION = YES_AGGRESSIVE;
				CLANG_CXX_LANGUAGE_STANDARD = "gnu++14";
				CLANG_CXX_LIBRARY = "libc++";
				CLANG_ENABLE_MODULES = YES;
				CLANG_ENABLE_OBJC_ARC = YES;
				CLANG_ENABLE_OBJC_WEAK = YES;
				CLANG_WARN_BLOCK_CAPTURE_AUTORELEASING = YES;
				CLANG_WARN_BOOL_CONVERSION = YES;
				CLANG_WARN_COMMA = YES;
				CLANG_WARN_CONSTANT_CONVERSION = YES;
				CLANG_WARN_DEPRECATED_OBJC_IMPLEMENTATIONS = YES;
				CLANG_WARN_DIRECT_OBJC_ISA_USAGE = YES_ERROR;
				CLANG_WARN_DOCUMENTATION_COMMENTS = YES;
				CLANG_WARN_EMPTY_BODY = YES;
				CLANG_WARN_ENUM_CONVERSION = YES;
				CLANG_WARN_INFINITE_RECURSION = YES;
				CLANG_WARN_INT_CONVERSION = YES;
				CLANG_WARN_NON_LITERAL_NULL_CONVERSION = YES;
				CLANG_WARN_OBJC_IMPLICIT_RETAIN_SELF = YES;
				CLANG_WARN_OBJC_LITERAL_CONVERSION = YES;
				CLANG_WARN_OBJC_ROOT_CLASS = YES_ERROR;
				CLANG_WARN_RANGE_LOOP_ANALYSIS = YES;
				CLANG_WARN_STRICT_PROTOTYPES = YES;
				CLANG_WARN_SUSPICIOUS_MOVE = YES;
				CLANG_WARN_UNGUARDED_AVAILABILITY = YES_AGGRESSIVE;
				CLANG_WARN_UNREACHABLE_CODE = YES;
				CLANG_WARN__DUPLICATE_METHOD_MATCH = YES;
				COPY_PHASE_STRIP = NO;
				DEBUG_INFORMATION_FORMAT = dwarf;
				ENABLE_STRICT_OBJC_MSGSEND = YES;
				ENABLE_TESTABILITY = YES;
				GCC_C_LANGUAGE_STANDARD = gnu11;
				GCC_DYNAMIC_NO_PIC = NO;
				GCC_NO_COMMON_BLOCKS = YES;
				GCC_OPTIMIZATION_LEVEL = 0;
				GCC_PREPROCESSOR_DEFINITIONS = (
					"DEBUG=1",
					"$(inherited)",
				);
				GCC_WARN_64_TO_32_BIT_CONVERSION = YES;
				GCC_WARN_ABOUT_RETURN_TYPE = YES_ERROR;
				GCC_WARN_UNDECLARED_SELECTOR = YES;
				GCC_WARN_UNINITIALIZED_AUTOS = YES_AGGRESSIVE;
				GCC_WARN_UNUSED_FUNCTION = YES;
				GCC_WARN_UNUSED_VARIABLE = YES;
				IPHONEOS_DEPLOYMENT_TARGET = 13.2;
				MTL_ENABLE_DEBUG_INFO = INCLUDE_SOURCE;
				MTL_FAST_MATH = YES;
				ONLY_ACTIVE_ARCH = YES;
				SDKROOT = iphoneos;
				SWIFT_ACTIVE_COMPILATION_CONDITIONS = DEBUG;
				SWIFT_OPTIMIZATION_LEVEL = "-Onone";
			};
			name = Debug;
		};
		DEDABF00241FB27400177B93 /* Release */ = {
			isa = XCBuildConfiguration;
			buildSettings = {
				ALWAYS_SEARCH_USER_PATHS = NO;
				CLANG_ANALYZER_NONNULL = YES;
				CLANG_ANALYZER_NUMBER_OBJECT_CONVERSION = YES_AGGRESSIVE;
				CLANG_CXX_LANGUAGE_STANDARD = "gnu++14";
				CLANG_CXX_LIBRARY = "libc++";
				CLANG_ENABLE_MODULES = YES;
				CLANG_ENABLE_OBJC_ARC = YES;
				CLANG_ENABLE_OBJC_WEAK = YES;
				CLANG_WARN_BLOCK_CAPTURE_AUTORELEASING = YES;
				CLANG_WARN_BOOL_CONVERSION = YES;
				CLANG_WARN_COMMA = YES;
				CLANG_WARN_CONSTANT_CONVERSION = YES;
				CLANG_WARN_DEPRECATED_OBJC_IMPLEMENTATIONS = YES;
				CLANG_WARN_DIRECT_OBJC_ISA_USAGE = YES_ERROR;
				CLANG_WARN_DOCUMENTATION_COMMENTS = YES;
				CLANG_WARN_EMPTY_BODY = YES;
				CLANG_WARN_ENUM_CONVERSION = YES;
				CLANG_WARN_INFINITE_RECURSION = YES;
				CLANG_WARN_INT_CONVERSION = YES;
				CLANG_WARN_NON_LITERAL_NULL_CONVERSION = YES;
				CLANG_WARN_OBJC_IMPLICIT_RETAIN_SELF = YES;
				CLANG_WARN_OBJC_LITERAL_CONVERSION = YES;
				CLANG_WARN_OBJC_ROOT_CLASS = YES_ERROR;
				CLANG_WARN_RANGE_LOOP_ANALYSIS = YES;
				CLANG_WARN_STRICT_PROTOTYPES = YES;
				CLANG_WARN_SUSPICIOUS_MOVE = YES;
				CLANG_WARN_UNGUARDED_AVAILABILITY = YES_AGGRESSIVE;
				CLANG_WARN_UNREACHABLE_CODE = YES;
				CLANG_WARN__DUPLICATE_METHOD_MATCH = YES;
				COPY_PHASE_STRIP = NO;
				DEBUG_INFORMATION_FORMAT = "dwarf-with-dsym";
				ENABLE_NS_ASSERTIONS = NO;
				ENABLE_STRICT_OBJC_MSGSEND = YES;
				GCC_C_LANGUAGE_STANDARD = gnu11;
				GCC_NO_COMMON_BLOCKS = YES;
				GCC_WARN_64_TO_32_BIT_CONVERSION = YES;
				GCC_WARN_ABOUT_RETURN_TYPE = YES_ERROR;
				GCC_WARN_UNDECLARED_SELECTOR = YES;
				GCC_WARN_UNINITIALIZED_AUTOS = YES_AGGRESSIVE;
				GCC_WARN_UNUSED_FUNCTION = YES;
				GCC_WARN_UNUSED_VARIABLE = YES;
				IPHONEOS_DEPLOYMENT_TARGET = 13.2;
				MTL_ENABLE_DEBUG_INFO = NO;
				MTL_FAST_MATH = YES;
				SDKROOT = iphoneos;
				SWIFT_COMPILATION_MODE = wholemodule;
				SWIFT_OPTIMIZATION_LEVEL = "-O";
				VALIDATE_PRODUCT = YES;
			};
			name = Release;
		};
		DEDABF02241FB27400177B93 /* Debug */ = {
			isa = XCBuildConfiguration;
			baseConfigurationReference = B5E5F5B20AAC4E5AD13977B5 /* Pods-NewsList_MRT.debug.xcconfig */;
			buildSettings = {
				ASSETCATALOG_COMPILER_APPICON_NAME = AppIcon;
				CODE_SIGN_STYLE = Automatic;
				DEVELOPMENT_TEAM = M79H9K226Y;
				INFOPLIST_FILE = NewsList_MRT/Info.plist;
				IPHONEOS_DEPLOYMENT_TARGET = 11.0;
				LD_RUNPATH_SEARCH_PATHS = (
					"$(inherited)",
					"@executable_path/Frameworks",
				);
				PRODUCT_BUNDLE_IDENTIFIER = "com.elliott.NewsList-MRT";
				PRODUCT_NAME = "$(TARGET_NAME)";
				SWIFT_VERSION = 5.0;
				TARGETED_DEVICE_FAMILY = "1,2";
			};
			name = Debug;
		};
		DEDABF03241FB27400177B93 /* Release */ = {
			isa = XCBuildConfiguration;
			baseConfigurationReference = A57CD374468F313E68B5EB38 /* Pods-NewsList_MRT.release.xcconfig */;
			buildSettings = {
				ASSETCATALOG_COMPILER_APPICON_NAME = AppIcon;
				CODE_SIGN_STYLE = Automatic;
				DEVELOPMENT_TEAM = M79H9K226Y;
				INFOPLIST_FILE = NewsList_MRT/Info.plist;
				IPHONEOS_DEPLOYMENT_TARGET = 11.0;
				LD_RUNPATH_SEARCH_PATHS = (
					"$(inherited)",
					"@executable_path/Frameworks",
				);
				PRODUCT_BUNDLE_IDENTIFIER = "com.elliott.NewsList-MRT";
				PRODUCT_NAME = "$(TARGET_NAME)";
				SWIFT_VERSION = 5.0;
				TARGETED_DEVICE_FAMILY = "1,2";
			};
			name = Release;
		};
/* End XCBuildConfiguration section */

/* Begin XCConfigurationList section */
		DEDABEE8241FB27100177B93 /* Build configuration list for PBXProject "NewsList_MRT" */ = {
			isa = XCConfigurationList;
			buildConfigurations = (
				DEDABEFF241FB27400177B93 /* Debug */,
				DEDABF00241FB27400177B93 /* Release */,
			);
			defaultConfigurationIsVisible = 0;
			defaultConfigurationName = Release;
		};
		DEDABF01241FB27400177B93 /* Build configuration list for PBXNativeTarget "NewsList_MRT" */ = {
			isa = XCConfigurationList;
			buildConfigurations = (
				DEDABF02241FB27400177B93 /* Debug */,
				DEDABF03241FB27400177B93 /* Release */,
			);
			defaultConfigurationIsVisible = 0;
			defaultConfigurationName = Release;
		};
/* End XCConfigurationList section */
	};
	rootObject = DEDABEE5241FB27100177B93 /* Project object */;
}
